
Microsoft Visual Studio Solution File, Format Version 12.00
# Visual Studio 15
VisualStudioVersion = 15.0.27130.2010
MinimumVisualStudioVersion = 10.0.40219.1
Project("{FAE04EC0-301F-11D3-BF4B-00C04F79EFBC}") = "ConsoleApp1", "ConsoleApp1\ConsoleApp1.csproj", "{12AA4805-F1AA-4CA8-9534-4856020D725A}"
EndProject
Project("{FAE04EC0-301F-11D3-BF4B-00C04F79EFBC}") = "CalcEngine", "CalcEngine\CalcEngine.csproj", "{AEE8ED0E-6530-4411-8339-0E24BB9AF429}"
EndProject
Global
	GlobalSection(SolutionConfigurationPlatforms) = preSolution
		Debug|Any CPU = Debug|Any CPU
		Release|Any CPU = Release|Any CPU
	EndGlobalSection
	GlobalSection(ProjectConfigurationPlatforms) = postSolution
		{12AA4805-F1AA-4CA8-9534-4856020D725A}.Debug|Any CPU.ActiveCfg = Debug|Any CPU
		{12AA4805-F1AA-4CA8-9534-4856020D725A}.Debug|Any CPU.Build.0 = Debug|Any CPU
		{12AA4805-F1AA-4CA8-9534-4856020D725A}.Release|Any CPU.ActiveCfg = Release|Any CPU
		{12AA4805-F1AA-4CA8-9534-4856020D725A}.Release|Any CPU.Build.0 = Release|Any CPU
		{AEE8ED0E-6530-4411-8339-0E24BB9AF429}.Debug|Any CPU.ActiveCfg = Debug|Any CPU
		{AEE8ED0E-6530-4411-8339-0E24BB9AF429}.Debug|Any CPU.Build.0 = Debug|Any CPU
		{AEE8ED0E-6530-4411-8339-0E24BB9AF429}.Release|Any CPU.ActiveCfg = Release|Any CPU
		{AEE8ED0E-6530-4411-8339-0E24BB9AF429}.Release|Any CPU.Build.0 = Release|Any CPU
	EndGlobalSection
	GlobalSection(SolutionProperties) = preSolution
		HideSolutionNode = FALSE
	EndGlobalSection
	GlobalSection(ExtensibilityGlobals) = postSolution
		SolutionGuid = {18011EE7-AA63-4F29-8DA5-D034ECB97437}
	EndGlobalSection
EndGlobal
